{
    "name": "wle-pp",
    "version": "0.8.0",
    "lockfileVersion": 3,
    "requires": true,
    "packages": {
        "": {
            "name": "wle-pp",
            "version": "0.8.0",
            "license": "ISC",
            "devDependencies": {
                "esbuild": "^0.24.0",
                "esbuild-node-externals": "^1.15.0",
                "typescript": "^5.7.2"
            },
            "peerDependencies": {
                "@wonderlandengine/api": "~1.3.0",
                "@wonderlandengine/components": "~1.2.0",
                "gl-matrix": "^3.4.3",
                "howler": "^2.2.4"
            }
        },
        "node_modules/@esbuild/aix-ppc64": {
            "version": "0.24.2",
            "resolved": "https://registry.npmjs.org/@esbuild/aix-ppc64/-/aix-ppc64-0.24.2.tgz",
            "integrity": "sha512-thpVCb/rhxE/BnMLQ7GReQLLN8q9qbHmI55F4489/ByVg2aQaQ6kbcLb6FHkocZzQhxc4gx0sCk0tJkKBFzDhA==",
            "cpu": [
                "ppc64"
            ],
            "dev": true,
            "license": "MIT",
            "optional": true,
            "os": [
                "aix"
            ],
            "engines": {
                "node": ">=18"
            }
        },
        "node_modules/@esbuild/android-arm": {
            "version": "0.24.2",
            "resolved": "https://registry.npmjs.org/@esbuild/android-arm/-/android-arm-0.24.2.tgz",
            "integrity": "sha512-tmwl4hJkCfNHwFB3nBa8z1Uy3ypZpxqxfTQOcHX+xRByyYgunVbZ9MzUUfb0RxaHIMnbHagwAxuTL+tnNM+1/Q==",
            "cpu": [
                "arm"
            ],
            "dev": true,
            "license": "MIT",
            "optional": true,
            "os": [
                "android"
            ],
            "engines": {
                "node": ">=18"
            }
        },
        "node_modules/@esbuild/android-arm64": {
            "version": "0.24.2",
            "resolved": "https://registry.npmjs.org/@esbuild/android-arm64/-/android-arm64-0.24.2.tgz",
            "integrity": "sha512-cNLgeqCqV8WxfcTIOeL4OAtSmL8JjcN6m09XIgro1Wi7cF4t/THaWEa7eL5CMoMBdjoHOTh/vwTO/o2TRXIyzg==",
            "cpu": [
                "arm64"
            ],
            "dev": true,
            "license": "MIT",
            "optional": true,
            "os": [
                "android"
            ],
            "engines": {
                "node": ">=18"
            }
        },
        "node_modules/@esbuild/android-x64": {
            "version": "0.24.2",
            "resolved": "https://registry.npmjs.org/@esbuild/android-x64/-/android-x64-0.24.2.tgz",
            "integrity": "sha512-B6Q0YQDqMx9D7rvIcsXfmJfvUYLoP722bgfBlO5cGvNVb5V/+Y7nhBE3mHV9OpxBf4eAS2S68KZztiPaWq4XYw==",
            "cpu": [
                "x64"
            ],
            "dev": true,
            "license": "MIT",
            "optional": true,
            "os": [
                "android"
            ],
            "engines": {
                "node": ">=18"
            }
        },
        "node_modules/@esbuild/darwin-arm64": {
            "version": "0.24.2",
            "resolved": "https://registry.npmjs.org/@esbuild/darwin-arm64/-/darwin-arm64-0.24.2.tgz",
            "integrity": "sha512-kj3AnYWc+CekmZnS5IPu9D+HWtUI49hbnyqk0FLEJDbzCIQt7hg7ucF1SQAilhtYpIujfaHr6O0UHlzzSPdOeA==",
            "cpu": [
                "arm64"
            ],
            "dev": true,
            "license": "MIT",
            "optional": true,
            "os": [
                "darwin"
            ],
            "engines": {
                "node": ">=18"
            }
        },
        "node_modules/@esbuild/darwin-x64": {
            "version": "0.24.2",
            "resolved": "https://registry.npmjs.org/@esbuild/darwin-x64/-/darwin-x64-0.24.2.tgz",
            "integrity": "sha512-WeSrmwwHaPkNR5H3yYfowhZcbriGqooyu3zI/3GGpF8AyUdsrrP0X6KumITGA9WOyiJavnGZUwPGvxvwfWPHIA==",
            "cpu": [
                "x64"
            ],
            "dev": true,
            "license": "MIT",
            "optional": true,
            "os": [
                "darwin"
            ],
            "engines": {
                "node": ">=18"
            }
        },
        "node_modules/@esbuild/freebsd-arm64": {
            "version": "0.24.2",
            "resolved": "https://registry.npmjs.org/@esbuild/freebsd-arm64/-/freebsd-arm64-0.24.2.tgz",
            "integrity": "sha512-UN8HXjtJ0k/Mj6a9+5u6+2eZ2ERD7Edt1Q9IZiB5UZAIdPnVKDoG7mdTVGhHJIeEml60JteamR3qhsr1r8gXvg==",
            "cpu": [
                "arm64"
            ],
            "dev": true,
            "license": "MIT",
            "optional": true,
            "os": [
                "freebsd"
            ],
            "engines": {
                "node": ">=18"
            }
        },
        "node_modules/@esbuild/freebsd-x64": {
            "version": "0.24.2",
            "resolved": "https://registry.npmjs.org/@esbuild/freebsd-x64/-/freebsd-x64-0.24.2.tgz",
            "integrity": "sha512-TvW7wE/89PYW+IevEJXZ5sF6gJRDY/14hyIGFXdIucxCsbRmLUcjseQu1SyTko+2idmCw94TgyaEZi9HUSOe3Q==",
            "cpu": [
                "x64"
            ],
            "dev": true,
            "license": "MIT",
            "optional": true,
            "os": [
                "freebsd"
            ],
            "engines": {
                "node": ">=18"
            }
        },
        "node_modules/@esbuild/linux-arm": {
            "version": "0.24.2",
            "resolved": "https://registry.npmjs.org/@esbuild/linux-arm/-/linux-arm-0.24.2.tgz",
            "integrity": "sha512-n0WRM/gWIdU29J57hJyUdIsk0WarGd6To0s+Y+LwvlC55wt+GT/OgkwoXCXvIue1i1sSNWblHEig00GBWiJgfA==",
            "cpu": [
                "arm"
            ],
            "dev": true,
            "license": "MIT",
            "optional": true,
            "os": [
                "linux"
            ],
            "engines": {
                "node": ">=18"
            }
        },
        "node_modules/@esbuild/linux-arm64": {
            "version": "0.24.2",
            "resolved": "https://registry.npmjs.org/@esbuild/linux-arm64/-/linux-arm64-0.24.2.tgz",
            "integrity": "sha512-7HnAD6074BW43YvvUmE/35Id9/NB7BeX5EoNkK9obndmZBUk8xmJJeU7DwmUeN7tkysslb2eSl6CTrYz6oEMQg==",
            "cpu": [
                "arm64"
            ],
            "dev": true,
            "license": "MIT",
            "optional": true,
            "os": [
                "linux"
            ],
            "engines": {
                "node": ">=18"
            }
        },
        "node_modules/@esbuild/linux-ia32": {
            "version": "0.24.2",
            "resolved": "https://registry.npmjs.org/@esbuild/linux-ia32/-/linux-ia32-0.24.2.tgz",
            "integrity": "sha512-sfv0tGPQhcZOgTKO3oBE9xpHuUqguHvSo4jl+wjnKwFpapx+vUDcawbwPNuBIAYdRAvIDBfZVvXprIj3HA+Ugw==",
            "cpu": [
                "ia32"
            ],
            "dev": true,
            "license": "MIT",
            "optional": true,
            "os": [
                "linux"
            ],
            "engines": {
                "node": ">=18"
            }
        },
        "node_modules/@esbuild/linux-loong64": {
            "version": "0.24.2",
            "resolved": "https://registry.npmjs.org/@esbuild/linux-loong64/-/linux-loong64-0.24.2.tgz",
            "integrity": "sha512-CN9AZr8kEndGooS35ntToZLTQLHEjtVB5n7dl8ZcTZMonJ7CCfStrYhrzF97eAecqVbVJ7APOEe18RPI4KLhwQ==",
            "cpu": [
                "loong64"
            ],
            "dev": true,
            "license": "MIT",
            "optional": true,
            "os": [
                "linux"
            ],
            "engines": {
                "node": ">=18"
            }
        },
        "node_modules/@esbuild/linux-mips64el": {
            "version": "0.24.2",
            "resolved": "https://registry.npmjs.org/@esbuild/linux-mips64el/-/linux-mips64el-0.24.2.tgz",
            "integrity": "sha512-iMkk7qr/wl3exJATwkISxI7kTcmHKE+BlymIAbHO8xanq/TjHaaVThFF6ipWzPHryoFsesNQJPE/3wFJw4+huw==",
            "cpu": [
                "mips64el"
            ],
            "dev": true,
            "license": "MIT",
            "optional": true,
            "os": [
                "linux"
            ],
            "engines": {
                "node": ">=18"
            }
        },
        "node_modules/@esbuild/linux-ppc64": {
            "version": "0.24.2",
            "resolved": "https://registry.npmjs.org/@esbuild/linux-ppc64/-/linux-ppc64-0.24.2.tgz",
            "integrity": "sha512-shsVrgCZ57Vr2L8mm39kO5PPIb+843FStGt7sGGoqiiWYconSxwTiuswC1VJZLCjNiMLAMh34jg4VSEQb+iEbw==",
            "cpu": [
                "ppc64"
            ],
            "dev": true,
            "license": "MIT",
            "optional": true,
            "os": [
                "linux"
            ],
            "engines": {
                "node": ">=18"
            }
        },
        "node_modules/@esbuild/linux-riscv64": {
            "version": "0.24.2",
            "resolved": "https://registry.npmjs.org/@esbuild/linux-riscv64/-/linux-riscv64-0.24.2.tgz",
            "integrity": "sha512-4eSFWnU9Hhd68fW16GD0TINewo1L6dRrB+oLNNbYyMUAeOD2yCK5KXGK1GH4qD/kT+bTEXjsyTCiJGHPZ3eM9Q==",
            "cpu": [
                "riscv64"
            ],
            "dev": true,
            "license": "MIT",
            "optional": true,
            "os": [
                "linux"
            ],
            "engines": {
                "node": ">=18"
            }
        },
        "node_modules/@esbuild/linux-s390x": {
            "version": "0.24.2",
            "resolved": "https://registry.npmjs.org/@esbuild/linux-s390x/-/linux-s390x-0.24.2.tgz",
            "integrity": "sha512-S0Bh0A53b0YHL2XEXC20bHLuGMOhFDO6GN4b3YjRLK//Ep3ql3erpNcPlEFed93hsQAjAQDNsvcK+hV90FubSw==",
            "cpu": [
                "s390x"
            ],
            "dev": true,
            "license": "MIT",
            "optional": true,
            "os": [
                "linux"
            ],
            "engines": {
                "node": ">=18"
            }
        },
        "node_modules/@esbuild/linux-x64": {
            "version": "0.24.2",
            "resolved": "https://registry.npmjs.org/@esbuild/linux-x64/-/linux-x64-0.24.2.tgz",
            "integrity": "sha512-8Qi4nQcCTbLnK9WoMjdC9NiTG6/E38RNICU6sUNqK0QFxCYgoARqVqxdFmWkdonVsvGqWhmm7MO0jyTqLqwj0Q==",
            "cpu": [
                "x64"
            ],
            "dev": true,
            "license": "MIT",
            "optional": true,
            "os": [
                "linux"
            ],
            "engines": {
                "node": ">=18"
            }
        },
        "node_modules/@esbuild/netbsd-arm64": {
            "version": "0.24.2",
            "resolved": "https://registry.npmjs.org/@esbuild/netbsd-arm64/-/netbsd-arm64-0.24.2.tgz",
            "integrity": "sha512-wuLK/VztRRpMt9zyHSazyCVdCXlpHkKm34WUyinD2lzK07FAHTq0KQvZZlXikNWkDGoT6x3TD51jKQ7gMVpopw==",
            "cpu": [
                "arm64"
            ],
            "dev": true,
            "license": "MIT",
            "optional": true,
            "os": [
                "netbsd"
            ],
            "engines": {
                "node": ">=18"
            }
        },
        "node_modules/@esbuild/netbsd-x64": {
            "version": "0.24.2",
            "resolved": "https://registry.npmjs.org/@esbuild/netbsd-x64/-/netbsd-x64-0.24.2.tgz",
            "integrity": "sha512-VefFaQUc4FMmJuAxmIHgUmfNiLXY438XrL4GDNV1Y1H/RW3qow68xTwjZKfj/+Plp9NANmzbH5R40Meudu8mmw==",
            "cpu": [
                "x64"
            ],
            "dev": true,
            "license": "MIT",
            "optional": true,
            "os": [
                "netbsd"
            ],
            "engines": {
                "node": ">=18"
            }
        },
        "node_modules/@esbuild/openbsd-arm64": {
            "version": "0.24.2",
            "resolved": "https://registry.npmjs.org/@esbuild/openbsd-arm64/-/openbsd-arm64-0.24.2.tgz",
            "integrity": "sha512-YQbi46SBct6iKnszhSvdluqDmxCJA+Pu280Av9WICNwQmMxV7nLRHZfjQzwbPs3jeWnuAhE9Jy0NrnJ12Oz+0A==",
            "cpu": [
                "arm64"
            ],
            "dev": true,
            "license": "MIT",
            "optional": true,
            "os": [
                "openbsd"
            ],
            "engines": {
                "node": ">=18"
            }
        },
        "node_modules/@esbuild/openbsd-x64": {
            "version": "0.24.2",
            "resolved": "https://registry.npmjs.org/@esbuild/openbsd-x64/-/openbsd-x64-0.24.2.tgz",
            "integrity": "sha512-+iDS6zpNM6EnJyWv0bMGLWSWeXGN/HTaF/LXHXHwejGsVi+ooqDfMCCTerNFxEkM3wYVcExkeGXNqshc9iMaOA==",
            "cpu": [
                "x64"
            ],
            "dev": true,
            "license": "MIT",
            "optional": true,
            "os": [
                "openbsd"
            ],
            "engines": {
                "node": ">=18"
            }
        },
        "node_modules/@esbuild/sunos-x64": {
            "version": "0.24.2",
            "resolved": "https://registry.npmjs.org/@esbuild/sunos-x64/-/sunos-x64-0.24.2.tgz",
            "integrity": "sha512-hTdsW27jcktEvpwNHJU4ZwWFGkz2zRJUz8pvddmXPtXDzVKTTINmlmga3ZzwcuMpUvLw7JkLy9QLKyGpD2Yxig==",
            "cpu": [
                "x64"
            ],
            "dev": true,
            "license": "MIT",
            "optional": true,
            "os": [
                "sunos"
            ],
            "engines": {
                "node": ">=18"
            }
        },
        "node_modules/@esbuild/win32-arm64": {
            "version": "0.24.2",
            "resolved": "https://registry.npmjs.org/@esbuild/win32-arm64/-/win32-arm64-0.24.2.tgz",
            "integrity": "sha512-LihEQ2BBKVFLOC9ZItT9iFprsE9tqjDjnbulhHoFxYQtQfai7qfluVODIYxt1PgdoyQkz23+01rzwNwYfutxUQ==",
            "cpu": [
                "arm64"
            ],
            "dev": true,
            "license": "MIT",
            "optional": true,
            "os": [
                "win32"
            ],
            "engines": {
                "node": ">=18"
            }
        },
        "node_modules/@esbuild/win32-ia32": {
            "version": "0.24.2",
            "resolved": "https://registry.npmjs.org/@esbuild/win32-ia32/-/win32-ia32-0.24.2.tgz",
            "integrity": "sha512-q+iGUwfs8tncmFC9pcnD5IvRHAzmbwQ3GPS5/ceCyHdjXubwQWI12MKWSNSMYLJMq23/IUCvJMS76PDqXe1fxA==",
            "cpu": [
                "ia32"
            ],
            "dev": true,
            "license": "MIT",
            "optional": true,
            "os": [
                "win32"
            ],
            "engines": {
                "node": ">=18"
            }
        },
        "node_modules/@esbuild/win32-x64": {
            "version": "0.24.2",
            "resolved": "https://registry.npmjs.org/@esbuild/win32-x64/-/win32-x64-0.24.2.tgz",
            "integrity": "sha512-7VTgWzgMGvup6aSqDPLiW5zHaxYJGTO4OokMjIlrCtf+VpEL+cXKtCvg723iguPYI5oaUNdS+/V7OU2gvXVWEg==",
            "cpu": [
                "x64"
            ],
            "dev": true,
            "license": "MIT",
            "optional": true,
            "os": [
                "win32"
            ],
            "engines": {
                "node": ">=18"
            }
        },
        "node_modules/@types/earcut": {
            "version": "2.1.4",
            "resolved": "https://registry.npmjs.org/@types/earcut/-/earcut-2.1.4.tgz",
            "integrity": "sha512-qp3m9PPz4gULB9MhjGID7wpo3gJ4bTGXm7ltNDsmOvsPduTeHp8wSW9YckBj3mljeOh4F0m2z/0JKAALRKbmLQ==",
            "license": "MIT",
            "peer": true
        },
        "node_modules/@types/webxr": {
            "version": "0.5.21",
            "resolved": "https://registry.npmjs.org/@types/webxr/-/webxr-0.5.21.tgz",
            "integrity": "sha512-geZIAtLzjGmgY2JUi6VxXdCrTb99A7yP49lxLr2Nm/uIK0PkkxcEi4OGhoGDO4pxCf3JwGz2GiJL2Ej4K2bKaA==",
            "license": "MIT",
            "peer": true
        },
        "node_modules/@wonderlandengine/api": {
            "version": "1.3.0",
            "resolved": "https://registry.npmjs.org/@wonderlandengine/api/-/api-1.3.0.tgz",
            "integrity": "sha512-1ITPrF/m+ypdQuupkP5EpuLzJNoPhjdKhx6OgF054nlN5msjT60EwZgNOfS8fyg3HAT4Xzd1qd8tPMw9uzkWpw==",
            "license": "MIT",
            "peer": true,
            "dependencies": {
                "@types/webxr": "^0.5.0"
            }
        },
        "node_modules/@wonderlandengine/components": {
            "version": "1.2.0",
            "resolved": "https://registry.npmjs.org/@wonderlandengine/components/-/components-1.2.0.tgz",
            "integrity": "sha512-B/sbqUfUwqeKQ10rWnqge7BlQvg1wcAcG4lU7xPc7+bIfbBh+QS9IEw323wJkaUVA5hmRCd5ZPFEToTEn2FkcA==",
            "license": "MIT",
            "peer": true,
            "dependencies": {
                "@types/earcut": "^2.1.1",
                "@types/webxr": "^0.5.21",
                "@wonderlandengine/spatial-audio": "^1.2.0",
                "earcut": "^2.2.4",
                "gl-matrix": "^3.3.0"
            },
            "peerDependencies": {
                "@wonderlandengine/api": "^1.1.0"
            }
        },
        "node_modules/@wonderlandengine/spatial-audio": {
            "version": "1.2.2",
            "resolved": "https://registry.npmjs.org/@wonderlandengine/spatial-audio/-/spatial-audio-1.2.2.tgz",
            "integrity": "sha512-aElHU3KZog4cuq84x0DlrmF0/EIGQ/gr6k54QZJJUczXLE4pGHjGZBwxwqKokv/CDu2Uj5QHteXLqbShGeu9xw==",
            "license": "MIT",
            "peer": true,
            "peerDependencies": {
                "@wonderlandengine/api": "^1.0.0",
                "@wonderlandengine/components": "^1.0.6",
                "gl-matrix": "^3.4.3"
            }
        },
        "node_modules/earcut": {
            "version": "2.2.4",
            "resolved": "https://registry.npmjs.org/earcut/-/earcut-2.2.4.tgz",
            "integrity": "sha512-/pjZsA1b4RPHbeWZQn66SWS8nZZWLQQ23oE3Eam7aroEFGEvwKAsJfZ9ytiEMycfzXWpca4FA9QIOehf7PocBQ==",
            "license": "ISC",
            "peer": true
        },
        "node_modules/esbuild": {
            "version": "0.24.2",
            "resolved": "https://registry.npmjs.org/esbuild/-/esbuild-0.24.2.tgz",
            "integrity": "sha512-+9egpBW8I3CD5XPe0n6BfT5fxLzxrlDzqydF3aviG+9ni1lDC/OvMHcxqEFV0+LANZG5R1bFMWfUrjVsdwxJvA==",
            "dev": true,
            "hasInstallScript": true,
            "license": "MIT",
            "bin": {
                "esbuild": "bin/esbuild"
            },
            "engines": {
                "node": ">=18"
            },
            "optionalDependencies": {
                "@esbuild/aix-ppc64": "0.24.2",
                "@esbuild/android-arm": "0.24.2",
                "@esbuild/android-arm64": "0.24.2",
                "@esbuild/android-x64": "0.24.2",
                "@esbuild/darwin-arm64": "0.24.2",
                "@esbuild/darwin-x64": "0.24.2",
                "@esbuild/freebsd-arm64": "0.24.2",
                "@esbuild/freebsd-x64": "0.24.2",
                "@esbuild/linux-arm": "0.24.2",
                "@esbuild/linux-arm64": "0.24.2",
                "@esbuild/linux-ia32": "0.24.2",
                "@esbuild/linux-loong64": "0.24.2",
                "@esbuild/linux-mips64el": "0.24.2",
                "@esbuild/linux-ppc64": "0.24.2",
                "@esbuild/linux-riscv64": "0.24.2",
                "@esbuild/linux-s390x": "0.24.2",
                "@esbuild/linux-x64": "0.24.2",
                "@esbuild/netbsd-arm64": "0.24.2",
                "@esbuild/netbsd-x64": "0.24.2",
                "@esbuild/openbsd-arm64": "0.24.2",
                "@esbuild/openbsd-x64": "0.24.2",
                "@esbuild/sunos-x64": "0.24.2",
                "@esbuild/win32-arm64": "0.24.2",
                "@esbuild/win32-ia32": "0.24.2",
                "@esbuild/win32-x64": "0.24.2"
            }
        },
        "node_modules/esbuild-node-externals": {
            "version": "1.16.0",
            "resolved": "https://registry.npmjs.org/esbuild-node-externals/-/esbuild-node-externals-1.16.0.tgz",
            "integrity": "sha512-g16pp/yDFqBJ9/9D+UIWPj5uC8MPslMK62HmAXW+ZomZWJifOFTuJgado86UUiMeBrk03z2uvdS6cIGi0OTRcg==",
            "dev": true,
            "license": "MIT",
            "dependencies": {
                "find-up": "^5.0.0",
                "tslib": "^2.4.1"
            },
            "engines": {
                "node": ">=12"
            },
            "peerDependencies": {
                "esbuild": "0.12 - 0.24"
            }
        },
        "node_modules/find-up": {
            "version": "5.0.0",
            "resolved": "https://registry.npmjs.org/find-up/-/find-up-5.0.0.tgz",
            "integrity": "sha512-78/PXT1wlLLDgTzDs7sjq9hzz0vXD+zn+7wypEe4fXQxCmdmqfGsEPQxmiCSQI3ajFV91bVSsvNtrJRiW6nGng==",
            "dev": true,
            "license": "MIT",
            "dependencies": {
                "locate-path": "^6.0.0",
                "path-exists": "^4.0.0"
            },
            "engines": {
                "node": ">=10"
            },
            "funding": {
                "url": "https://github.com/sponsors/sindresorhus"
            }
        },
        "node_modules/gl-matrix": {
            "version": "3.4.3",
            "resolved": "https://registry.npmjs.org/gl-matrix/-/gl-matrix-3.4.3.tgz",
            "integrity": "sha512-wcCp8vu8FT22BnvKVPjXa/ICBWRq/zjFfdofZy1WSpQZpphblv12/bOQLBC1rMM7SGOFS9ltVmKOHil5+Ml7gA==",
            "license": "MIT",
            "peer": true
        },
        "node_modules/howler": {
            "version": "2.2.4",
            "resolved": "https://registry.npmjs.org/howler/-/howler-2.2.4.tgz",
            "integrity": "sha512-iARIBPgcQrwtEr+tALF+rapJ8qSc+Set2GJQl7xT1MQzWaVkFebdJhR3alVlSiUf5U7nAANKuj3aWpwerocD5w==",
            "license": "MIT",
            "peer": true
        },
        "node_modules/locate-path": {
            "version": "6.0.0",
            "resolved": "https://registry.npmjs.org/locate-path/-/locate-path-6.0.0.tgz",
            "integrity": "sha512-iPZK6eYjbxRu3uB4/WZ3EsEIMJFMqAoopl3R+zuq0UjcAm/MO6KCweDgPfP3elTztoKP3KtnVHxTn2NHBSDVUw==",
            "dev": true,
            "license": "MIT",
            "dependencies": {
                "p-locate": "^5.0.0"
            },
            "engines": {
                "node": ">=10"
            },
            "funding": {
                "url": "https://github.com/sponsors/sindresorhus"
            }
        },
        "node_modules/p-limit": {
            "version": "3.1.0",
            "resolved": "https://registry.npmjs.org/p-limit/-/p-limit-3.1.0.tgz",
            "integrity": "sha512-TYOanM3wGwNGsZN2cVTYPArw454xnXj5qmWF1bEoAc4+cU/ol7GVh7odevjp1FNHduHc3KZMcFduxU5Xc6uJRQ==",
            "dev": true,
            "license": "MIT",
            "dependencies": {
                "yocto-queue": "^0.1.0"
            },
            "engines": {
                "node": ">=10"
            },
            "funding": {
                "url": "https://github.com/sponsors/sindresorhus"
            }
        },
        "node_modules/p-locate": {
            "version": "5.0.0",
            "resolved": "https://registry.npmjs.org/p-locate/-/p-locate-5.0.0.tgz",
            "integrity": "sha512-LaNjtRWUBY++zB5nE/NwcaoMylSPk+S+ZHNB1TzdbMJMny6dynpAGt7X/tl/QYq3TIeE6nxHppbo2LGymrG5Pw==",
            "dev": true,
            "license": "MIT",
            "dependencies": {
                "p-limit": "^3.0.2"
            },
            "engines": {
                "node": ">=10"
            },
            "funding": {
                "url": "https://github.com/sponsors/sindresorhus"
            }
        },
        "node_modules/path-exists": {
            "version": "4.0.0",
            "resolved": "https://registry.npmjs.org/path-exists/-/path-exists-4.0.0.tgz",
            "integrity": "sha512-ak9Qy5Q7jYb2Wwcey5Fpvg2KoAc/ZIhLSLOSBmRmygPsGwkVVt0fZa0qrtMz+m6tJTAHfZQ8FnmB4MG4LWy7/w==",
            "dev": true,
            "license": "MIT",
            "engines": {
                "node": ">=8"
            }
        },
        "node_modules/tslib": {
            "version": "2.8.1",
            "resolved": "https://registry.npmjs.org/tslib/-/tslib-2.8.1.tgz",
            "integrity": "sha512-oJFu94HQb+KVduSUQL7wnpmqnfmLsOA/nAh6b6EH0wCEoK0/mPeXU6c3wKDV83MkOuHPRHtSXKKU99IBazS/2w==",
            "dev": true,
            "license": "0BSD"
        },
        "node_modules/typescript": {
            "version": "5.7.3",
            "resolved": "https://registry.npmjs.org/typescript/-/typescript-5.7.3.tgz",
            "integrity": "sha512-84MVSjMEHP+FQRPy3pX9sTVV/INIex71s9TL2Gm5FG/WG1SqXeKyZ0k7/blY/4FdOzI12CBy1vGc4og/eus0fw==",
            "dev": true,
            "license": "Apache-2.0",
            "bin": {
                "tsc": "bin/tsc",
                "tsserver": "bin/tsserver"
            },
            "engines": {
                "node": ">=14.17"
            }
        },
        "node_modules/yocto-queue": {
            "version": "0.1.0",
            "resolved": "https://registry.npmjs.org/yocto-queue/-/yocto-queue-0.1.0.tgz",
            "integrity": "sha512-rVksvsnNCdJ/ohGc6xgPwyN8eheCxsiLM8mxuE/t/mOVqJewPuO1miLpTHQiRgTKCLexL4MeAFVagts7HmNZ2Q==",
            "dev": true,
            "license": "MIT",
            "engines": {
                "node": ">=10"
            },
            "funding": {
                "url": "https://github.com/sponsors/sindresorhus"
            }
        }
    }
}
