{
    "name": "wle-pp-bundle",
    "version": "0.8.2",
    "lockfileVersion": 3,
    "requires": true,
    "packages": {
        "": {
            "name": "wle-pp-bundle",
            "version": "0.8.2",
            "license": "ISC",
            "peerDependencies": {
                "@wonderlandengine/api": "^1.3.1",
                "@wonderlandengine/components": "^1.2.1",
                "gl-matrix": "^3.4.3",
                "howler": "^2.2.4"
            }
        },
        "node_modules/@types/earcut": {
            "version": "2.1.4",
            "resolved": "https://registry.npmjs.org/@types/earcut/-/earcut-2.1.4.tgz",
            "integrity": "sha512-qp3m9PPz4gULB9MhjGID7wpo3gJ4bTGXm7ltNDsmOvsPduTeHp8wSW9YckBj3mljeOh4F0m2z/0JKAALRKbmLQ==",
            "license": "MIT",
            "peer": true
        },
        "node_modules/@types/webxr": {
            "version": "0.5.22",
            "resolved": "https://registry.npmjs.org/@types/webxr/-/webxr-0.5.22.tgz",
            "integrity": "sha512-Vr6Stjv5jPRqH690f5I5GLjVk8GSsoQSYJ2FVd/3jJF7KaqfwPi3ehfBS96mlQ2kPCwZaX6U0rG2+NGHBKkA/A==",
            "license": "MIT",
            "peer": true
        },
        "node_modules/@wonderlandengine/api": {
            "version": "1.4.0",
            "resolved": "https://registry.npmjs.org/@wonderlandengine/api/-/api-1.4.0.tgz",
            "integrity": "sha512-dkzbFmuZDiGSg2hMtiLiabsuHxMoeCMLiyp3yTU1CFvTOBDnyGexMjuF9byy9ML8WYGxcM9BVCof0+7Y45ZzJA==",
            "license": "MIT",
            "peer": true,
            "dependencies": {
                "@types/webxr": "^0.5.0"
            }
        },
        "node_modules/@wonderlandengine/components": {
            "version": "1.2.3",
            "resolved": "https://registry.npmjs.org/@wonderlandengine/components/-/components-1.2.3.tgz",
            "integrity": "sha512-O2PM3D1+fRvGpbIhVJivD6NdgYT9t6iBKAuUTuK0GNYQOWnHNCixgDZ3nijibSSgWA0X1IEr7dlRStuFJjR5Xg==",
            "license": "MIT",
            "peer": true,
            "dependencies": {
                "@types/earcut": "^2.1.1",
                "@types/webxr": "^0.5.21",
                "@wonderlandengine/spatial-audio": "^1.2.3",
                "earcut": "^2.2.4",
                "gl-matrix": "^3.3.0"
            },
            "peerDependencies": {
                "@wonderlandengine/api": "^1.1.0"
            }
        },
        "node_modules/@wonderlandengine/spatial-audio": {
            "version": "1.2.4",
            "resolved": "https://registry.npmjs.org/@wonderlandengine/spatial-audio/-/spatial-audio-1.2.4.tgz",
            "integrity": "sha512-zA2t4r0H1EXP3rvAIPXadYfeuidGTP/9QFhJ0nBHdW7h5ZPqxMF/LGIp1mSH/Oi/6obkKfNnPYGgMIgfG0wFPQ==",
            "license": "MIT",
            "peer": true,
            "peerDependencies": {
                "@wonderlandengine/api": "^1.0.0",
                "@wonderlandengine/components": "^1.0.6",
                "gl-matrix": "^3.4.3"
            }
        },
        "node_modules/earcut": {
            "version": "2.2.4",
            "resolved": "https://registry.npmjs.org/earcut/-/earcut-2.2.4.tgz",
            "integrity": "sha512-/pjZsA1b4RPHbeWZQn66SWS8nZZWLQQ23oE3Eam7aroEFGEvwKAsJfZ9ytiEMycfzXWpca4FA9QIOehf7PocBQ==",
            "license": "ISC",
            "peer": true
        },
        "node_modules/gl-matrix": {
            "version": "3.4.3",
            "resolved": "https://registry.npmjs.org/gl-matrix/-/gl-matrix-3.4.3.tgz",
            "integrity": "sha512-wcCp8vu8FT22BnvKVPjXa/ICBWRq/zjFfdofZy1WSpQZpphblv12/bOQLBC1rMM7SGOFS9ltVmKOHil5+Ml7gA==",
            "license": "MIT",
            "peer": true
        },
        "node_modules/howler": {
            "version": "2.2.4",
            "resolved": "https://registry.npmjs.org/howler/-/howler-2.2.4.tgz",
            "integrity": "sha512-iARIBPgcQrwtEr+tALF+rapJ8qSc+Set2GJQl7xT1MQzWaVkFebdJhR3alVlSiUf5U7nAANKuj3aWpwerocD5w==",
            "license": "MIT",
            "peer": true
        }
    }
}
